
Microsoft Visual Studio Solution File, Format Version 12.00
# Visual Studio Version 16
VisualStudioVersion = 16.0.31613.86
MinimumVisualStudioVersion = 10.0.40219.1
Project("{FAE04EC0-301F-11D3-BF4B-00C04F79EFBC}") = "SELwpf", "SELwpf\SELwpf.csproj", "{7B6D19DE-424C-49D7-BCCB-FD3CBB4B17E7}"
EndProject
Global
	GlobalSection(SolutionConfigurationPlatforms) = preSolution
		Debug|Any CPU = Debug|Any CPU
		Release|Any CPU = Release|Any CPU
	EndGlobalSection
	GlobalSection(ProjectConfigurationPlatforms) = postSolution
		{7B6D19DE-424C-49D7-BCCB-FD3CBB4B17E7}.Debug|Any CPU.ActiveCfg = Debug|Any CPU
		{7B6D19DE-424C-49D7-BCCB-FD3CBB4B17E7}.Debug|Any CPU.Build.0 = Debug|Any CPU
		{7B6D19DE-424C-49D7-BCCB-FD3CBB4B17E7}.Release|Any CPU.ActiveCfg = Release|Any CPU
		{7B6D19DE-424C-49D7-BCCB-FD3CBB4B17E7}.Release|Any CPU.Build.0 = Release|Any CPU
	EndGlobalSection
	GlobalSection(SolutionProperties) = preSolution
		HideSolutionNode = FALSE
	EndGlobalSection
	GlobalSection(ExtensibilityGlobals) = postSolution
		SolutionGuid = {E3530CCE-F796-45F8-9BD9-E1D21C503452}
	EndGlobalSection
EndGlobal
